
Microsoft Visual Studio Solution File, Format Version 12.00
# Visual Studio Version 17
VisualStudioVersion = 17.6.33815.320
MinimumVisualStudioVersion = 10.0.40219.1
Project("{FAE04EC0-301F-11D3-BF4B-00C04F79EFBC}") = "Exercises_IV_cSharp", "Exercises_IV_cSharp.csproj", "{96B20312-5C67-4229-BBFB-B59FE05FBC9D}"
EndProject
Global
	GlobalSection(SolutionConfigurationPlatforms) = preSolution
		Debug|Any CPU = Debug|Any CPU
		Release|Any CPU = Release|Any CPU
	EndGlobalSection
	GlobalSection(ProjectConfigurationPlatforms) = postSolution
		{96B20312-5C67-4229-BBFB-B59FE05FBC9D}.Debug|Any CPU.ActiveCfg = Debug|Any CPU
		{96B20312-5C67-4229-BBFB-B59FE05FBC9D}.Debug|Any CPU.Build.0 = Debug|Any CPU
		{96B20312-5C67-4229-BBFB-B59FE05FBC9D}.Release|Any CPU.ActiveCfg = Release|Any CPU
		{96B20312-5C67-4229-BBFB-B59FE05FBC9D}.Release|Any CPU.Build.0 = Release|Any CPU
	EndGlobalSection
	GlobalSection(SolutionProperties) = preSolution
		HideSolutionNode = FALSE
	EndGlobalSection
	GlobalSection(ExtensibilityGlobals) = postSolution
		SolutionGuid = {E99AB7F1-B774-4A54-807D-6C215B533481}
	EndGlobalSection
EndGlobal
